
Microsoft Visual Studio Solution File, Format Version 12.00
# Visual Studio Version 17
VisualStudioVersion = 17.14.36930.0 d17.14
MinimumVisualStudioVersion = 10.0.40219.1
Project("{FAE04EC0-301F-11D3-BF4B-00C04F79EFBC}") = "checkstastusapinew", "checkstastusapinew\checkstastusapinew.csproj", "{CA302D07-2ACD-40A7-884B-C1BF2C3EEA5C}"
EndProject
Global
	GlobalSection(SolutionConfigurationPlatforms) = preSolution
		Debug|Any CPU = Debug|Any CPU
		Release|Any CPU = Release|Any CPU
	EndGlobalSection
	GlobalSection(ProjectConfigurationPlatforms) = postSolution
		{CA302D07-2ACD-40A7-884B-C1BF2C3EEA5C}.Debug|Any CPU.ActiveCfg = Debug|Any CPU
		{CA302D07-2ACD-40A7-884B-C1BF2C3EEA5C}.Debug|Any CPU.Build.0 = Debug|Any CPU
		{CA302D07-2ACD-40A7-884B-C1BF2C3EEA5C}.Release|Any CPU.ActiveCfg = Release|Any CPU
		{CA302D07-2ACD-40A7-884B-C1BF2C3EEA5C}.Release|Any CPU.Build.0 = Release|Any CPU
	EndGlobalSection
	GlobalSection(SolutionProperties) = preSolution
		HideSolutionNode = FALSE
	EndGlobalSection
	GlobalSection(ExtensibilityGlobals) = postSolution
		SolutionGuid = {A9BBAD8F-AB73-4C02-960C-22A6976B6644}
	EndGlobalSection
EndGlobal
